
Microsoft Visual Studio Solution File, Format Version 12.00
# Visual Studio Version 16
VisualStudioVersion = 16.0.31112.23
MinimumVisualStudioVersion = 10.0.40219.1
Project("{FAE04EC0-301F-11D3-BF4B-00C04F79EFBC}") = "TestMath", "TestMath\TestMath.csproj", "{CE37754B-1525-4B81-87CD-7F15794E2860}"
EndProject
Global
	GlobalSection(SolutionConfigurationPlatforms) = preSolution
		Debug|Any CPU = Debug|Any CPU
		Release|Any CPU = Release|Any CPU
	EndGlobalSection
	GlobalSection(ProjectConfigurationPlatforms) = postSolution
		{CE37754B-1525-4B81-87CD-7F15794E2860}.Debug|Any CPU.ActiveCfg = Debug|Any CPU
		{CE37754B-1525-4B81-87CD-7F15794E2860}.Debug|Any CPU.Build.0 = Debug|Any CPU
		{CE37754B-1525-4B81-87CD-7F15794E2860}.Release|Any CPU.ActiveCfg = Release|Any CPU
		{CE37754B-1525-4B81-87CD-7F15794E2860}.Release|Any CPU.Build.0 = Release|Any CPU
	EndGlobalSection
	GlobalSection(SolutionProperties) = preSolution
		HideSolutionNode = FALSE
	EndGlobalSection
	GlobalSection(ExtensibilityGlobals) = postSolution
		SolutionGuid = {5F1F511C-DB44-47C6-8FC1-40EC90B1A67D}
	EndGlobalSection
EndGlobal
